// !$*UTF8*$!
{
	archiveVersion = 1;
	classes = {
	};
	objectVersion = 46;
	objects = {

/* Begin PBXBuildFile section */
		65AE43C6863D44609932E21C /* libPods-Doodle3DRemoteControl.a in Frameworks */ = {isa = PBXBuildFile; fileRef = 0A7E30C7700743FA8B1F422C /* libPods-Doodle3DRemoteControl.a */; };
		8F9111993A6B4F6A953421DB /* libPods-Doodle3DRemoteControlTests.a in Frameworks */ = {isa = PBXBuildFile; fileRef = 0B69916CF68E420AB147FF52 /* libPods-Doodle3DRemoteControlTests.a */; };
		D197B1F42862FC8B620738B4 /* D3DPrinterServiceSpec.m in Sources */ = {isa = PBXBuildFile; fileRef = D197BDBDDCDC3ABED527BBA3 /* D3DPrinterServiceSpec.m */; };
		D197B2A0721E9014D7EA1891 /* D3DPrinterProxySpec.m in Sources */ = {isa = PBXBuildFile; fileRef = D197B227262C900667140B1E /* D3DPrinterProxySpec.m */; };
		D197B4D031F5B50358B6ECF1 /* D3DPrinterSettingsSpec.m in Sources */ = {isa = PBXBuildFile; fileRef = D197B6AD6FBD5B230AFDFCA1 /* D3DPrinterSettingsSpec.m */; };
		D197B9E68C6FC20C50C6CE08 /* D3DPrinterService.m in Sources */ = {isa = PBXBuildFile; fileRef = D197B87236C2402B40E6987F /* D3DPrinterService.m */; };
		E62ED84318E0758B0060B4C7 /* Foundation.framework in Frameworks */ = {isa = PBXBuildFile; fileRef = E62ED84218E0758B0060B4C7 /* Foundation.framework */; };
		E62ED84518E0758B0060B4C7 /* CoreGraphics.framework in Frameworks */ = {isa = PBXBuildFile; fileRef = E62ED84418E0758B0060B4C7 /* CoreGraphics.framework */; };
		E62ED84718E0758B0060B4C7 /* UIKit.framework in Frameworks */ = {isa = PBXBuildFile; fileRef = E62ED84618E0758B0060B4C7 /* UIKit.framework */; };
		E62ED84D18E0758B0060B4C7 /* InfoPlist.strings in Resources */ = {isa = PBXBuildFile; fileRef = E62ED84B18E0758B0060B4C7 /* InfoPlist.strings */; };
		E62ED84F18E0758B0060B4C7 /* main.m in Sources */ = {isa = PBXBuildFile; fileRef = E62ED84E18E0758B0060B4C7 /* main.m */; };
		E62ED85518E0758B0060B4C7 /* Images.xcassets in Resources */ = {isa = PBXBuildFile; fileRef = E62ED85418E0758B0060B4C7 /* Images.xcassets */; };
		E62ED85C18E0758B0060B4C7 /* XCTest.framework in Frameworks */ = {isa = PBXBuildFile; fileRef = E62ED85B18E0758B0060B4C7 /* XCTest.framework */; };
		E62ED85D18E0758B0060B4C7 /* Foundation.framework in Frameworks */ = {isa = PBXBuildFile; fileRef = E62ED84218E0758B0060B4C7 /* Foundation.framework */; };
		E62ED85E18E0758B0060B4C7 /* UIKit.framework in Frameworks */ = {isa = PBXBuildFile; fileRef = E62ED84618E0758B0060B4C7 /* UIKit.framework */; };
		E62ED86618E0758B0060B4C7 /* InfoPlist.strings in Resources */ = {isa = PBXBuildFile; fileRef = E62ED86418E0758B0060B4C7 /* InfoPlist.strings */; };
		E63D15B618E076FF00CE3BD2 /* D3DAppDelegate.m in Sources */ = {isa = PBXBuildFile; fileRef = E63D15AB18E076FF00CE3BD2 /* D3DAppDelegate.m */; };
		E63D15B818E076FF00CE3BD2 /* D3DPrinterProxy.m in Sources */ = {isa = PBXBuildFile; fileRef = E63D15AF18E076FF00CE3BD2 /* D3DPrinterProxy.m */; };
		E63D15B918E076FF00CE3BD2 /* D3DPrinterSettings.m in Sources */ = {isa = PBXBuildFile; fileRef = E63D15B118E076FF00CE3BD2 /* D3DPrinterSettings.m */; };
		E63D15BA18E076FF00CE3BD2 /* D3DRemoteControlView.m in Sources */ = {isa = PBXBuildFile; fileRef = E63D15B318E076FF00CE3BD2 /* D3DRemoteControlView.m */; };
		E63D15BB18E076FF00CE3BD2 /* D3DRemoteControlViewController.m in Sources */ = {isa = PBXBuildFile; fileRef = E63D15B518E076FF00CE3BD2 /* D3DRemoteControlViewController.m */; };
		E63D15C018E0771C00CE3BD2 /* D3DTestsAppDelegate.m in Sources */ = {isa = PBXBuildFile; fileRef = E63D15BD18E0771C00CE3BD2 /* D3DTestsAppDelegate.m */; };
/* End PBXBuildFile section */

/* Begin PBXContainerItemProxy section */
		E62ED85F18E0758B0060B4C7 /* PBXContainerItemProxy */ = {
			isa = PBXContainerItemProxy;
			containerPortal = E62ED83718E0758A0060B4C7 /* Project object */;
			proxyType = 1;
			remoteGlobalIDString = E62ED83E18E0758B0060B4C7;
			remoteInfo = Doodle3DRemoteControl;
		};
/* End PBXContainerItemProxy section */

/* Begin PBXFileReference section */
		0A7E30C7700743FA8B1F422C /* libPods-Doodle3DRemoteControl.a */ = {isa = PBXFileReference; explicitFileType = archive.ar; includeInIndex = 0; path = "libPods-Doodle3DRemoteControl.a"; sourceTree = BUILT_PRODUCTS_DIR; };
		0B69916CF68E420AB147FF52 /* libPods-Doodle3DRemoteControlTests.a */ = {isa = PBXFileReference; explicitFileType = archive.ar; includeInIndex = 0; path = "libPods-Doodle3DRemoteControlTests.a"; sourceTree = BUILT_PRODUCTS_DIR; };
		220EFFF430604E1094642B01 /* Pods-Doodle3DRemoteControlTests.xcconfig */ = {isa = PBXFileReference; includeInIndex = 1; lastKnownFileType = text.xcconfig; name = "Pods-Doodle3DRemoteControlTests.xcconfig"; path = "Pods/Pods-Doodle3DRemoteControlTests.xcconfig"; sourceTree = "<group>"; };
		84CE4AA4240944B8AF5C6021 /* Pods-Doodle3DRemoteControl.xcconfig */ = {isa = PBXFileReference; includeInIndex = 1; lastKnownFileType = text.xcconfig; name = "Pods-Doodle3DRemoteControl.xcconfig"; path = "Pods/Pods-Doodle3DRemoteControl.xcconfig"; sourceTree = "<group>"; };
		D197B227262C900667140B1E /* D3DPrinterProxySpec.m */ = {isa = PBXFileReference; fileEncoding = 4; lastKnownFileType = sourcecode.c.objc; path = D3DPrinterProxySpec.m; sourceTree = "<group>"; };
		D197B260F2C10DF6FB89D6B8 /* D3DPrinterService.h */ = {isa = PBXFileReference; fileEncoding = 4; lastKnownFileType = sourcecode.c.h; path = D3DPrinterService.h; sourceTree = "<group>"; };
		D197B6AD6FBD5B230AFDFCA1 /* D3DPrinterSettingsSpec.m */ = {isa = PBXFileReference; fileEncoding = 4; lastKnownFileType = sourcecode.c.objc; path = D3DPrinterSettingsSpec.m; sourceTree = "<group>"; };
		D197B87236C2402B40E6987F /* D3DPrinterService.m */ = {isa = PBXFileReference; fileEncoding = 4; lastKnownFileType = sourcecode.c.objc; path = D3DPrinterService.m; sourceTree = "<group>"; };
		D197BDBDDCDC3ABED527BBA3 /* D3DPrinterServiceSpec.m */ = {isa = PBXFileReference; fileEncoding = 4; lastKnownFileType = sourcecode.c.objc; path = D3DPrinterServiceSpec.m; sourceTree = "<group>"; };
		E62ED83F18E0758B0060B4C7 /* Doodle3DRemoteControl.app */ = {isa = PBXFileReference; explicitFileType = wrapper.application; includeInIndex = 0; path = Doodle3DRemoteControl.app; sourceTree = BUILT_PRODUCTS_DIR; };
		E62ED84218E0758B0060B4C7 /* Foundation.framework */ = {isa = PBXFileReference; lastKnownFileType = wrapper.framework; name = Foundation.framework; path = System/Library/Frameworks/Foundation.framework; sourceTree = SDKROOT; };
		E62ED84418E0758B0060B4C7 /* CoreGraphics.framework */ = {isa = PBXFileReference; lastKnownFileType = wrapper.framework; name = CoreGraphics.framework; path = System/Library/Frameworks/CoreGraphics.framework; sourceTree = SDKROOT; };
		E62ED84618E0758B0060B4C7 /* UIKit.framework */ = {isa = PBXFileReference; lastKnownFileType = wrapper.framework; name = UIKit.framework; path = System/Library/Frameworks/UIKit.framework; sourceTree = SDKROOT; };
		E62ED84A18E0758B0060B4C7 /* Doodle3DRemoteControl-Info.plist */ = {isa = PBXFileReference; lastKnownFileType = text.plist.xml; path = "Doodle3DRemoteControl-Info.plist"; sourceTree = "<group>"; };
		E62ED84C18E0758B0060B4C7 /* en */ = {isa = PBXFileReference; lastKnownFileType = text.plist.strings; name = en; path = en.lproj/InfoPlist.strings; sourceTree = "<group>"; };
		E62ED84E18E0758B0060B4C7 /* main.m */ = {isa = PBXFileReference; lastKnownFileType = sourcecode.c.objc; path = main.m; sourceTree = "<group>"; };
		E62ED85018E0758B0060B4C7 /* Doodle3DRemoteControl-Prefix.pch */ = {isa = PBXFileReference; lastKnownFileType = sourcecode.c.h; path = "Doodle3DRemoteControl-Prefix.pch"; sourceTree = "<group>"; };
		E62ED85418E0758B0060B4C7 /* Images.xcassets */ = {isa = PBXFileReference; lastKnownFileType = folder.assetcatalog; path = Images.xcassets; sourceTree = "<group>"; };
		E62ED85A18E0758B0060B4C7 /* Doodle3DRemoteControlTests.xctest */ = {isa = PBXFileReference; explicitFileType = wrapper.cfbundle; includeInIndex = 0; path = Doodle3DRemoteControlTests.xctest; sourceTree = BUILT_PRODUCTS_DIR; };
		E62ED85B18E0758B0060B4C7 /* XCTest.framework */ = {isa = PBXFileReference; lastKnownFileType = wrapper.framework; name = XCTest.framework; path = Library/Frameworks/XCTest.framework; sourceTree = DEVELOPER_DIR; };
		E62ED86318E0758B0060B4C7 /* Doodle3DRemoteControlTests-Info.plist */ = {isa = PBXFileReference; lastKnownFileType = text.plist.xml; path = "Doodle3DRemoteControlTests-Info.plist"; sourceTree = "<group>"; };
		E62ED86518E0758B0060B4C7 /* en */ = {isa = PBXFileReference; lastKnownFileType = text.plist.strings; name = en; path = en.lproj/InfoPlist.strings; sourceTree = "<group>"; };
		E63D15AA18E076FF00CE3BD2 /* D3DAppDelegate.h */ = {isa = PBXFileReference; fileEncoding = 4; lastKnownFileType = sourcecode.c.h; path = D3DAppDelegate.h; sourceTree = "<group>"; };
		E63D15AB18E076FF00CE3BD2 /* D3DAppDelegate.m */ = {isa = PBXFileReference; fileEncoding = 4; lastKnownFileType = sourcecode.c.objc; path = D3DAppDelegate.m; sourceTree = "<group>"; };
		E63D15AE18E076FF00CE3BD2 /* D3DPrinterProxy.h */ = {isa = PBXFileReference; fileEncoding = 4; lastKnownFileType = sourcecode.c.h; path = D3DPrinterProxy.h; sourceTree = "<group>"; };
		E63D15AF18E076FF00CE3BD2 /* D3DPrinterProxy.m */ = {isa = PBXFileReference; fileEncoding = 4; lastKnownFileType = sourcecode.c.objc; path = D3DPrinterProxy.m; sourceTree = "<group>"; };
		E63D15B018E076FF00CE3BD2 /* D3DPrinterSettings.h */ = {isa = PBXFileReference; fileEncoding = 4; lastKnownFileType = sourcecode.c.h; path = D3DPrinterSettings.h; sourceTree = "<group>"; };
		E63D15B118E076FF00CE3BD2 /* D3DPrinterSettings.m */ = {isa = PBXFileReference; fileEncoding = 4; lastKnownFileType = sourcecode.c.objc; path = D3DPrinterSettings.m; sourceTree = "<group>"; };
		E63D15B218E076FF00CE3BD2 /* D3DRemoteControlView.h */ = {isa = PBXFileReference; fileEncoding = 4; lastKnownFileType = sourcecode.c.h; path = D3DRemoteControlView.h; sourceTree = "<group>"; };
		E63D15B318E076FF00CE3BD2 /* D3DRemoteControlView.m */ = {isa = PBXFileReference; fileEncoding = 4; lastKnownFileType = sourcecode.c.objc; path = D3DRemoteControlView.m; sourceTree = "<group>"; };
		E63D15B418E076FF00CE3BD2 /* D3DRemoteControlViewController.h */ = {isa = PBXFileReference; fileEncoding = 4; lastKnownFileType = sourcecode.c.h; path = D3DRemoteControlViewController.h; sourceTree = "<group>"; };
		E63D15B518E076FF00CE3BD2 /* D3DRemoteControlViewController.m */ = {isa = PBXFileReference; fileEncoding = 4; lastKnownFileType = sourcecode.c.objc; path = D3DRemoteControlViewController.m; sourceTree = "<group>"; };
		E63D15BC18E0771C00CE3BD2 /* D3DTestsAppDelegate.h */ = {isa = PBXFileReference; fileEncoding = 4; lastKnownFileType = sourcecode.c.h; path = D3DTestsAppDelegate.h; sourceTree = "<group>"; };
		E63D15BD18E0771C00CE3BD2 /* D3DTestsAppDelegate.m */ = {isa = PBXFileReference; fileEncoding = 4; lastKnownFileType = sourcecode.c.objc; path = D3DTestsAppDelegate.m; sourceTree = "<group>"; };
/* End PBXFileReference section */

/* Begin PBXFrameworksBuildPhase section */
		E62ED83C18E0758B0060B4C7 /* Frameworks */ = {
			isa = PBXFrameworksBuildPhase;
			buildActionMask = 2147483647;
			files = (
				E62ED84518E0758B0060B4C7 /* CoreGraphics.framework in Frameworks */,
				E62ED84718E0758B0060B4C7 /* UIKit.framework in Frameworks */,
				E62ED84318E0758B0060B4C7 /* Foundation.framework in Frameworks */,
				65AE43C6863D44609932E21C /* libPods-Doodle3DRemoteControl.a in Frameworks */,
			);
			runOnlyForDeploymentPostprocessing = 0;
		};
		E62ED85718E0758B0060B4C7 /* Frameworks */ = {
			isa = PBXFrameworksBuildPhase;
			buildActionMask = 2147483647;
			files = (
				E62ED85C18E0758B0060B4C7 /* XCTest.framework in Frameworks */,
				E62ED85E18E0758B0060B4C7 /* UIKit.framework in Frameworks */,
				E62ED85D18E0758B0060B4C7 /* Foundation.framework in Frameworks */,
				8F9111993A6B4F6A953421DB /* libPods-Doodle3DRemoteControlTests.a in Frameworks */,
			);
			runOnlyForDeploymentPostprocessing = 0;
		};
/* End PBXFrameworksBuildPhase section */

/* Begin PBXGroup section */
		E62ED83618E0758A0060B4C7 = {
			isa = PBXGroup;
			children = (
				E62ED84818E0758B0060B4C7 /* Doodle3DRemoteControl */,
				E62ED86118E0758B0060B4C7 /* Doodle3DRemoteControlTests */,
				E62ED84118E0758B0060B4C7 /* Frameworks */,
				E62ED84018E0758B0060B4C7 /* Products */,
				84CE4AA4240944B8AF5C6021 /* Pods-Doodle3DRemoteControl.xcconfig */,
				220EFFF430604E1094642B01 /* Pods-Doodle3DRemoteControlTests.xcconfig */,
			);
			sourceTree = "<group>";
		};
		E62ED84018E0758B0060B4C7 /* Products */ = {
			isa = PBXGroup;
			children = (
				E62ED83F18E0758B0060B4C7 /* Doodle3DRemoteControl.app */,
				E62ED85A18E0758B0060B4C7 /* Doodle3DRemoteControlTests.xctest */,
			);
			name = Products;
			sourceTree = "<group>";
		};
		E62ED84118E0758B0060B4C7 /* Frameworks */ = {
			isa = PBXGroup;
			children = (
				E62ED84218E0758B0060B4C7 /* Foundation.framework */,
				E62ED84418E0758B0060B4C7 /* CoreGraphics.framework */,
				E62ED84618E0758B0060B4C7 /* UIKit.framework */,
				E62ED85B18E0758B0060B4C7 /* XCTest.framework */,
				0A7E30C7700743FA8B1F422C /* libPods-Doodle3DRemoteControl.a */,
				0B69916CF68E420AB147FF52 /* libPods-Doodle3DRemoteControlTests.a */,
			);
			name = Frameworks;
			sourceTree = "<group>";
		};
		E62ED84818E0758B0060B4C7 /* Doodle3DRemoteControl */ = {
			isa = PBXGroup;
			children = (
				E62ED85418E0758B0060B4C7 /* Images.xcassets */,
				E63D15A918E076FF00CE3BD2 /* Source */,
				E62ED84918E0758B0060B4C7 /* Supporting Files */,
			);
			path = Doodle3DRemoteControl;
			sourceTree = "<group>";
		};
		E62ED84918E0758B0060B4C7 /* Supporting Files */ = {
			isa = PBXGroup;
			children = (
				E62ED84A18E0758B0060B4C7 /* Doodle3DRemoteControl-Info.plist */,
				E62ED84B18E0758B0060B4C7 /* InfoPlist.strings */,
				E62ED84E18E0758B0060B4C7 /* main.m */,
				E62ED85018E0758B0060B4C7 /* Doodle3DRemoteControl-Prefix.pch */,
			);
			name = "Supporting Files";
			sourceTree = "<group>";
		};
		E62ED86118E0758B0060B4C7 /* Doodle3DRemoteControlTests */ = {
			isa = PBXGroup;
			children = (
				E63D15BC18E0771C00CE3BD2 /* D3DTestsAppDelegate.h */,
				E63D15BD18E0771C00CE3BD2 /* D3DTestsAppDelegate.m */,
				E63D15BE18E0771C00CE3BD2 /* Specs */,
				E62ED86218E0758B0060B4C7 /* Supporting Files */,
			);
			path = Doodle3DRemoteControlTests;
			sourceTree = "<group>";
		};
		E62ED86218E0758B0060B4C7 /* Supporting Files */ = {
			isa = PBXGroup;
			children = (
				E62ED86318E0758B0060B4C7 /* Doodle3DRemoteControlTests-Info.plist */,
				E62ED86418E0758B0060B4C7 /* InfoPlist.strings */,
			);
			name = "Supporting Files";
			sourceTree = "<group>";
		};
		E63D15A918E076FF00CE3BD2 /* Source */ = {
			isa = PBXGroup;
			children = (
				E63D15AA18E076FF00CE3BD2 /* D3DAppDelegate.h */,
				E63D15AB18E076FF00CE3BD2 /* D3DAppDelegate.m */,
				E63D15AE18E076FF00CE3BD2 /* D3DPrinterProxy.h */,
				E63D15AF18E076FF00CE3BD2 /* D3DPrinterProxy.m */,
				E63D15B018E076FF00CE3BD2 /* D3DPrinterSettings.h */,
				E63D15B118E076FF00CE3BD2 /* D3DPrinterSettings.m */,
				E63D15B218E076FF00CE3BD2 /* D3DRemoteControlView.h */,
				E63D15B318E076FF00CE3BD2 /* D3DRemoteControlView.m */,
				E63D15B418E076FF00CE3BD2 /* D3DRemoteControlViewController.h */,
				E63D15B518E076FF00CE3BD2 /* D3DRemoteControlViewController.m */,
				D197B87236C2402B40E6987F /* D3DPrinterService.m */,
				D197B260F2C10DF6FB89D6B8 /* D3DPrinterService.h */,
			);
			path = Source;
			sourceTree = "<group>";
		};
		E63D15BE18E0771C00CE3BD2 /* Specs */ = {
			isa = PBXGroup;
			children = (
				D197B227262C900667140B1E /* D3DPrinterProxySpec.m */,
				D197B6AD6FBD5B230AFDFCA1 /* D3DPrinterSettingsSpec.m */,
				D197BDBDDCDC3ABED527BBA3 /* D3DPrinterServiceSpec.m */,
			);
			path = Specs;
			sourceTree = "<group>";
		};
/* End PBXGroup section */

/* Begin PBXNativeTarget section */
		E62ED83E18E0758B0060B4C7 /* Doodle3DRemoteControl */ = {
			isa = PBXNativeTarget;
			buildConfigurationList = E62ED86B18E0758B0060B4C7 /* Build configuration list for PBXNativeTarget "Doodle3DRemoteControl" */;
			buildPhases = (
				175083475A1646CDB4944726 /* Check Pods Manifest.lock */,
				E62ED83B18E0758B0060B4C7 /* Sources */,
				E62ED83C18E0758B0060B4C7 /* Frameworks */,
				E62ED83D18E0758B0060B4C7 /* Resources */,
				0D4F2DCDF1E14CB79092339C /* Copy Pods Resources */,
			);
			buildRules = (
			);
			dependencies = (
			);
			name = Doodle3DRemoteControl;
			productName = Doodle3DRemoteControl;
			productReference = E62ED83F18E0758B0060B4C7 /* Doodle3DRemoteControl.app */;
			productType = "com.apple.product-type.application";
		};
		E62ED85918E0758B0060B4C7 /* Doodle3DRemoteControlTests */ = {
			isa = PBXNativeTarget;
			buildConfigurationList = E62ED86E18E0758B0060B4C7 /* Build configuration list for PBXNativeTarget "Doodle3DRemoteControlTests" */;
			buildPhases = (
				FF2B2893724147AEADE61EBC /* Check Pods Manifest.lock */,
				E62ED85618E0758B0060B4C7 /* Sources */,
				E62ED85718E0758B0060B4C7 /* Frameworks */,
				E62ED85818E0758B0060B4C7 /* Resources */,
				3537A57213F2408AB5F6EAC1 /* Copy Pods Resources */,
			);
			buildRules = (
			);
			dependencies = (
				E62ED86018E0758B0060B4C7 /* PBXTargetDependency */,
			);
			name = Doodle3DRemoteControlTests;
			productName = Doodle3DRemoteControlTests;
			productReference = E62ED85A18E0758B0060B4C7 /* Doodle3DRemoteControlTests.xctest */;
			productType = "com.apple.product-type.bundle.unit-test";
		};
/* End PBXNativeTarget section */

/* Begin PBXProject section */
		E62ED83718E0758A0060B4C7 /* Project object */ = {
			isa = PBXProject;
			attributes = {
				CLASSPREFIX = D3D;
				LastUpgradeCheck = 0510;
				ORGANIZATIONNAME = "Doodle3D Hackathon";
				TargetAttributes = {
					E62ED85918E0758B0060B4C7 = {
						TestTargetID = E62ED83E18E0758B0060B4C7;
					};
				};
			};
			buildConfigurationList = E62ED83A18E0758A0060B4C7 /* Build configuration list for PBXProject "Doodle3DRemoteControl" */;
			compatibilityVersion = "Xcode 3.2";
			developmentRegion = English;
			hasScannedForEncodings = 0;
			knownRegions = (
				en,
			);
			mainGroup = E62ED83618E0758A0060B4C7;
			productRefGroup = E62ED84018E0758B0060B4C7 /* Products */;
			projectDirPath = "";
			projectRoot = "";
			targets = (
				E62ED83E18E0758B0060B4C7 /* Doodle3DRemoteControl */,
				E62ED85918E0758B0060B4C7 /* Doodle3DRemoteControlTests */,
			);
		};
/* End PBXProject section */

/* Begin PBXResourcesBuildPhase section */
		E62ED83D18E0758B0060B4C7 /* Resources */ = {
			isa = PBXResourcesBuildPhase;
			buildActionMask = 2147483647;
			files = (
				E62ED84D18E0758B0060B4C7 /* InfoPlist.strings in Resources */,
				E62ED85518E0758B0060B4C7 /* Images.xcassets in Resources */,
			);
			runOnlyForDeploymentPostprocessing = 0;
		};
		E62ED85818E0758B0060B4C7 /* Resources */ = {
			isa = PBXResourcesBuildPhase;
			buildActionMask = 2147483647;
			files = (
				E62ED86618E0758B0060B4C7 /* InfoPlist.strings in Resources */,
			);
			runOnlyForDeploymentPostprocessing = 0;
		};
/* End PBXResourcesBuildPhase section */

/* Begin PBXShellScriptBuildPhase section */
		0D4F2DCDF1E14CB79092339C /* Copy Pods Resources */ = {
			isa = PBXShellScriptBuildPhase;
			buildActionMask = 2147483647;
			files = (
			);
			inputPaths = (
			);
			name = "Copy Pods Resources";
			outputPaths = (
			);
			runOnlyForDeploymentPostprocessing = 0;
			shellPath = /bin/sh;
			shellScript = "\"${SRCROOT}/Pods/Pods-Doodle3DRemoteControl-resources.sh\"\n";
			showEnvVarsInLog = 0;
		};
		175083475A1646CDB4944726 /* Check Pods Manifest.lock */ = {
			isa = PBXShellScriptBuildPhase;
			buildActionMask = 2147483647;
			files = (
			);
			inputPaths = (
			);
			name = "Check Pods Manifest.lock";
			outputPaths = (
			);
			runOnlyForDeploymentPostprocessing = 0;
			shellPath = /bin/sh;
			shellScript = "diff \"${PODS_ROOT}/../Podfile.lock\" \"${PODS_ROOT}/Manifest.lock\" > /dev/null\nif [[ $? != 0 ]] ; then\n    cat << EOM\nerror: The sandbox is not in sync with the Podfile.lock. Run 'pod install' or update your CocoaPods installation.\nEOM\n    exit 1\nfi\n";
			showEnvVarsInLog = 0;
		};
		3537A57213F2408AB5F6EAC1 /* Copy Pods Resources */ = {
			isa = PBXShellScriptBuildPhase;
			buildActionMask = 2147483647;
			files = (
			);
			inputPaths = (
			);
			name = "Copy Pods Resources";
			outputPaths = (
			);
			runOnlyForDeploymentPostprocessing = 0;
			shellPath = /bin/sh;
			shellScript = "\"${SRCROOT}/Pods/Pods-Doodle3DRemoteControlTests-resources.sh\"\n";
			showEnvVarsInLog = 0;
		};
		FF2B2893724147AEADE61EBC /* Check Pods Manifest.lock */ = {
			isa = PBXShellScriptBuildPhase;
			buildActionMask = 2147483647;
			files = (
			);
			inputPaths = (
			);
			name = "Check Pods Manifest.lock";
			outputPaths = (
			);
			runOnlyForDeploymentPostprocessing = 0;
			shellPath = /bin/sh;
			shellScript = "diff \"${PODS_ROOT}/../Podfile.lock\" \"${PODS_ROOT}/Manifest.lock\" > /dev/null\nif [[ $? != 0 ]] ; then\n    cat << EOM\nerror: The sandbox is not in sync with the Podfile.lock. Run 'pod install' or update your CocoaPods installation.\nEOM\n    exit 1\nfi\n";
			showEnvVarsInLog = 0;
		};
/* End PBXShellScriptBuildPhase section */

/* Begin PBXSourcesBuildPhase section */
		E62ED83B18E0758B0060B4C7 /* Sources */ = {
			isa = PBXSourcesBuildPhase;
			buildActionMask = 2147483647;
			files = (
				E63D15BA18E076FF00CE3BD2 /* D3DRemoteControlView.m in Sources */,
				E63D15B818E076FF00CE3BD2 /* D3DPrinterProxy.m in Sources */,
				E63D15B618E076FF00CE3BD2 /* D3DAppDelegate.m in Sources */,
				E63D15B918E076FF00CE3BD2 /* D3DPrinterSettings.m in Sources */,
				E62ED84F18E0758B0060B4C7 /* main.m in Sources */,
				E63D15BB18E076FF00CE3BD2 /* D3DRemoteControlViewController.m in Sources */,
				D197B9E68C6FC20C50C6CE08 /* D3DPrinterService.m in Sources */,
			);
			runOnlyForDeploymentPostprocessing = 0;
		};
		E62ED85618E0758B0060B4C7 /* Sources */ = {
			isa = PBXSourcesBuildPhase;
			buildActionMask = 2147483647;
			files = (
				E63D15C018E0771C00CE3BD2 /* D3DTestsAppDelegate.m in Sources */,
				D197B2A0721E9014D7EA1891 /* D3DPrinterProxySpec.m in Sources */,
				D197B4D031F5B50358B6ECF1 /* D3DPrinterSettingsSpec.m in Sources */,
				D197B1F42862FC8B620738B4 /* D3DPrinterServiceSpec.m in Sources */,
			);
			runOnlyForDeploymentPostprocessing = 0;
		};
/* End PBXSourcesBuildPhase section */

/* Begin PBXTargetDependency section */
		E62ED86018E0758B0060B4C7 /* PBXTargetDependency */ = {
			isa = PBXTargetDependency;
			target = E62ED83E18E0758B0060B4C7 /* Doodle3DRemoteControl */;
			targetProxy = E62ED85F18E0758B0060B4C7 /* PBXContainerItemProxy */;
		};
/* End PBXTargetDependency section */

/* Begin PBXVariantGroup section */
		E62ED84B18E0758B0060B4C7 /* InfoPlist.strings */ = {
			isa = PBXVariantGroup;
			children = (
				E62ED84C18E0758B0060B4C7 /* en */,
			);
			name = InfoPlist.strings;
			sourceTree = "<group>";
		};
		E62ED86418E0758B0060B4C7 /* InfoPlist.strings */ = {
			isa = PBXVariantGroup;
			children = (
				E62ED86518E0758B0060B4C7 /* en */,
			);
			name = InfoPlist.strings;
			sourceTree = "<group>";
		};
/* End PBXVariantGroup section */

/* Begin XCBuildConfiguration section */
		E62ED86918E0758B0060B4C7 /* Debug */ = {
			isa = XCBuildConfiguration;
			buildSettings = {
				ALWAYS_SEARCH_USER_PATHS = NO;
				CLANG_CXX_LANGUAGE_STANDARD = "gnu++0x";
				CLANG_CXX_LIBRARY = "libc++";
				CLANG_ENABLE_MODULES = YES;
				CLANG_ENABLE_OBJC_ARC = YES;
				CLANG_WARN_BOOL_CONVERSION = YES;
				CLANG_WARN_CONSTANT_CONVERSION = YES;
				CLANG_WARN_DIRECT_OBJC_ISA_USAGE = YES_ERROR;
				CLANG_WARN_EMPTY_BODY = YES;
				CLANG_WARN_ENUM_CONVERSION = YES;
				CLANG_WARN_INT_CONVERSION = YES;
				CLANG_WARN_OBJC_ROOT_CLASS = YES_ERROR;
				CLANG_WARN__DUPLICATE_METHOD_MATCH = YES;
				"CODE_SIGN_IDENTITY[sdk=iphoneos*]" = "iPhone Developer";
				COPY_PHASE_STRIP = NO;
				GCC_C_LANGUAGE_STANDARD = gnu99;
				GCC_DYNAMIC_NO_PIC = NO;
				GCC_OPTIMIZATION_LEVEL = 0;
				GCC_PREPROCESSOR_DEFINITIONS = (
					"DEBUG=1",
					"$(inherited)",
				);
				GCC_SYMBOLS_PRIVATE_EXTERN = NO;
				GCC_WARN_64_TO_32_BIT_CONVERSION = YES;
				GCC_WARN_ABOUT_RETURN_TYPE = YES_ERROR;
				GCC_WARN_UNDECLARED_SELECTOR = YES;
				GCC_WARN_UNINITIALIZED_AUTOS = YES_AGGRESSIVE;
				GCC_WARN_UNUSED_FUNCTION = YES;
				GCC_WARN_UNUSED_VARIABLE = YES;
				IPHONEOS_DEPLOYMENT_TARGET = 7.1;
				ONLY_ACTIVE_ARCH = YES;
				SDKROOT = iphoneos;
			};
			name = Debug;
		};
		E62ED86A18E0758B0060B4C7 /* Release */ = {
			isa = XCBuildConfiguration;
			buildSettings = {
				ALWAYS_SEARCH_USER_PATHS = NO;
				CLANG_CXX_LANGUAGE_STANDARD = "gnu++0x";
				CLANG_CXX_LIBRARY = "libc++";
				CLANG_ENABLE_MODULES = YES;
				CLANG_ENABLE_OBJC_ARC = YES;
				CLANG_WARN_BOOL_CONVERSION = YES;
				CLANG_WARN_CONSTANT_CONVERSION = YES;
				CLANG_WARN_DIRECT_OBJC_ISA_USAGE = YES_ERROR;
				CLANG_WARN_EMPTY_BODY = YES;
				CLANG_WARN_ENUM_CONVERSION = YES;
				CLANG_WARN_INT_CONVERSION = YES;
				CLANG_WARN_OBJC_ROOT_CLASS = YES_ERROR;
				CLANG_WARN__DUPLICATE_METHOD_MATCH = YES;
				"CODE_SIGN_IDENTITY[sdk=iphoneos*]" = "iPhone Developer";
				COPY_PHASE_STRIP = YES;
				ENABLE_NS_ASSERTIONS = NO;
				GCC_C_LANGUAGE_STANDARD = gnu99;
				GCC_WARN_64_TO_32_BIT_CONVERSION = YES;
				GCC_WARN_ABOUT_RETURN_TYPE = YES_ERROR;
				GCC_WARN_UNDECLARED_SELECTOR = YES;
				GCC_WARN_UNINITIALIZED_AUTOS = YES_AGGRESSIVE;
				GCC_WARN_UNUSED_FUNCTION = YES;
				GCC_WARN_UNUSED_VARIABLE = YES;
				IPHONEOS_DEPLOYMENT_TARGET = 7.1;
				SDKROOT = iphoneos;
				VALIDATE_PRODUCT = YES;
			};
			name = Release;
		};
		E62ED86C18E0758B0060B4C7 /* Debug */ = {
			isa = XCBuildConfiguration;
			baseConfigurationReference = 84CE4AA4240944B8AF5C6021 /* Pods-Doodle3DRemoteControl.xcconfig */;
			buildSettings = {
				ASSETCATALOG_COMPILER_APPICON_NAME = AppIcon;
				ASSETCATALOG_COMPILER_LAUNCHIMAGE_NAME = LaunchImage;
				GCC_PRECOMPILE_PREFIX_HEADER = YES;
				GCC_PREFIX_HEADER = "Doodle3DRemoteControl/Doodle3DRemoteControl-Prefix.pch";
				INFOPLIST_FILE = "Doodle3DRemoteControl/Doodle3DRemoteControl-Info.plist";
				PRODUCT_NAME = "$(TARGET_NAME)";
				WRAPPER_EXTENSION = app;
			};
			name = Debug;
		};
		E62ED86D18E0758B0060B4C7 /* Release */ = {
			isa = XCBuildConfiguration;
			baseConfigurationReference = 84CE4AA4240944B8AF5C6021 /* Pods-Doodle3DRemoteControl.xcconfig */;
			buildSettings = {
				ASSETCATALOG_COMPILER_APPICON_NAME = AppIcon;
				ASSETCATALOG_COMPILER_LAUNCHIMAGE_NAME = LaunchImage;
				GCC_PRECOMPILE_PREFIX_HEADER = YES;
				GCC_PREFIX_HEADER = "Doodle3DRemoteControl/Doodle3DRemoteControl-Prefix.pch";
				INFOPLIST_FILE = "Doodle3DRemoteControl/Doodle3DRemoteControl-Info.plist";
				PRODUCT_NAME = "$(TARGET_NAME)";
				WRAPPER_EXTENSION = app;
			};
			name = Release;
		};
		E62ED86F18E0758B0060B4C7 /* Debug */ = {
			isa = XCBuildConfiguration;
			baseConfigurationReference = 220EFFF430604E1094642B01 /* Pods-Doodle3DRemoteControlTests.xcconfig */;
			buildSettings = {
				BUNDLE_LOADER = "$(BUILT_PRODUCTS_DIR)/Doodle3DRemoteControl.app/Doodle3DRemoteControl";
				FRAMEWORK_SEARCH_PATHS = (
					"$(SDKROOT)/Developer/Library/Frameworks",
					"$(inherited)",
					"$(DEVELOPER_FRAMEWORKS_DIR)",
				);
				GCC_PRECOMPILE_PREFIX_HEADER = YES;
				GCC_PREFIX_HEADER = "Doodle3DRemoteControl/Doodle3DRemoteControl-Prefix.pch";
				GCC_PREPROCESSOR_DEFINITIONS = (
					"DEBUG=1",
					"$(inherited)",
				);
				INFOPLIST_FILE = "Doodle3DRemoteControlTests/Doodle3DRemoteControlTests-Info.plist";
				PRODUCT_NAME = "$(TARGET_NAME)";
				TEST_HOST = "$(BUNDLE_LOADER)";
				USER_HEADER_SEARCH_PATHS = "\"${PROJECT_DIR}/Pods\"/**";
				WRAPPER_EXTENSION = xctest;
			};
			name = Debug;
		};
		E62ED87018E0758B0060B4C7 /* Release */ = {
			isa = XCBuildConfiguration;
			baseConfigurationReference = 220EFFF430604E1094642B01 /* Pods-Doodle3DRemoteControlTests.xcconfig */;
			buildSettings = {
				BUNDLE_LOADER = "$(BUILT_PRODUCTS_DIR)/Doodle3DRemoteControl.app/Doodle3DRemoteControl";
				FRAMEWORK_SEARCH_PATHS = (
					"$(SDKROOT)/Developer/Library/Frameworks",
					"$(inherited)",
					"$(DEVELOPER_FRAMEWORKS_DIR)",
				);
				GCC_PRECOMPILE_PREFIX_HEADER = YES;
				GCC_PREFIX_HEADER = "Doodle3DRemoteControl/Doodle3DRemoteControl-Prefix.pch";
				INFOPLIST_FILE = "Doodle3DRemoteControlTests/Doodle3DRemoteControlTests-Info.plist";
				PRODUCT_NAME = "$(TARGET_NAME)";
				TEST_HOST = "$(BUNDLE_LOADER)";
				USER_HEADER_SEARCH_PATHS = "\"${PROJECT_DIR}/Pods\"/**";
				WRAPPER_EXTENSION = xctest;
			};
			name = Release;
		};
/* End XCBuildConfiguration section */

/* Begin XCConfigurationList section */
		E62ED83A18E0758A0060B4C7 /* Build configuration list for PBXProject "Doodle3DRemoteControl" */ = {
			isa = XCConfigurationList;
			buildConfigurations = (
				E62ED86918E0758B0060B4C7 /* Debug */,
				E62ED86A18E0758B0060B4C7 /* Release */,
			);
			defaultConfigurationIsVisible = 0;
			defaultConfigurationName = Release;
		};
		E62ED86B18E0758B0060B4C7 /* Build configuration list for PBXNativeTarget "Doodle3DRemoteControl" */ = {
			isa = XCConfigurationList;
			buildConfigurations = (
				E62ED86C18E0758B0060B4C7 /* Debug */,
				E62ED86D18E0758B0060B4C7 /* Release */,
			);
			defaultConfigurationIsVisible = 0;
			defaultConfigurationName = Release;
		};
		E62ED86E18E0758B0060B4C7 /* Build configuration list for PBXNativeTarget "Doodle3DRemoteControlTests" */ = {
			isa = XCConfigurationList;
			buildConfigurations = (
				E62ED86F18E0758B0060B4C7 /* Debug */,
				E62ED87018E0758B0060B4C7 /* Release */,
			);
			defaultConfigurationIsVisible = 0;
			defaultConfigurationName = Release;
		};
/* End XCConfigurationList section */
	};
	rootObject = E62ED83718E0758A0060B4C7 /* Project object */;
}
